
Microsoft Visual Studio Solution File, Format Version 12.00
# Visual Studio Version 17
Project("{8BC9CEB8-8B4A-11D0-8D11-00A0C91BC942}") = "ALL_BUILD", "ALL_BUILD.vcxproj", "{0EC2BF33-669E-3861-927B-EB71B7050D3A}"
	ProjectSection(ProjectDependencies) = postProject
		{5B7166F8-F9F0-33D1-99F8-2ABD1A0D4604} = {5B7166F8-F9F0-33D1-99F8-2ABD1A0D4604}
		{7D865A23-F2B1-36E9-B42F-8202D6D23054} = {7D865A23-F2B1-36E9-B42F-8202D6D23054}
		{73F1B70D-E7E0-386E-87DD-BE7FEE040726} = {73F1B70D-E7E0-386E-87DD-BE7FEE040726}
		{FCF5EF27-C39F-3E59-975F-050CADA0A3A6} = {FCF5EF27-C39F-3E59-975F-050CADA0A3A6}
		{4BA8E76E-40E4-3ADC-B3FC-2CEFE62F5CFB} = {4BA8E76E-40E4-3ADC-B3FC-2CEFE62F5CFB}
		{EB8E91E8-B048-30B5-8019-C9CDC02B6531} = {EB8E91E8-B048-30B5-8019-C9CDC02B6531}
		{BA80449C-D643-3083-8CC3-5F74C6982FE1} = {BA80449C-D643-3083-8CC3-5F74C6982FE1}
	EndProjectSection
EndProject
Project("{8BC9CEB8-8B4A-11D0-8D11-00A0C91BC942}") = "ZERO_CHECK", "ZERO_CHECK.vcxproj", "{5B7166F8-F9F0-33D1-99F8-2ABD1A0D4604}"
	ProjectSection(ProjectDependencies) = postProject
	EndProjectSection
EndProject
Project("{8BC9CEB8-8B4A-11D0-8D11-00A0C91BC942}") = "external_blosc", "external_blosc.vcxproj", "{7D865A23-F2B1-36E9-B42F-8202D6D23054}"
	ProjectSection(ProjectDependencies) = postProject
		{5B7166F8-F9F0-33D1-99F8-2ABD1A0D4604} = {5B7166F8-F9F0-33D1-99F8-2ABD1A0D4604}
	EndProjectSection
EndProject
Project("{8BC9CEB8-8B4A-11D0-8D11-00A0C91BC942}") = "external_boost", "external_boost.vcxproj", "{73F1B70D-E7E0-386E-87DD-BE7FEE040726}"
	ProjectSection(ProjectDependencies) = postProject
		{5B7166F8-F9F0-33D1-99F8-2ABD1A0D4604} = {5B7166F8-F9F0-33D1-99F8-2ABD1A0D4604}
	EndProjectSection
EndProject
Project("{8BC9CEB8-8B4A-11D0-8D11-00A0C91BC942}") = "external_openvdb", "external_openvdb.vcxproj", "{FCF5EF27-C39F-3E59-975F-050CADA0A3A6}"
	ProjectSection(ProjectDependencies) = postProject
		{5B7166F8-F9F0-33D1-99F8-2ABD1A0D4604} = {5B7166F8-F9F0-33D1-99F8-2ABD1A0D4604}
		{7D865A23-F2B1-36E9-B42F-8202D6D23054} = {7D865A23-F2B1-36E9-B42F-8202D6D23054}
		{73F1B70D-E7E0-386E-87DD-BE7FEE040726} = {73F1B70D-E7E0-386E-87DD-BE7FEE040726}
		{4BA8E76E-40E4-3ADC-B3FC-2CEFE62F5CFB} = {4BA8E76E-40E4-3ADC-B3FC-2CEFE62F5CFB}
	EndProjectSection
EndProject
Project("{8BC9CEB8-8B4A-11D0-8D11-00A0C91BC942}") = "external_tbb", "external_tbb.vcxproj", "{4BA8E76E-40E4-3ADC-B3FC-2CEFE62F5CFB}"
	ProjectSection(ProjectDependencies) = postProject
		{5B7166F8-F9F0-33D1-99F8-2ABD1A0D4604} = {5B7166F8-F9F0-33D1-99F8-2ABD1A0D4604}
	EndProjectSection
EndProject
Project("{8BC9CEB8-8B4A-11D0-8D11-00A0C91BC942}") = "vdbfusion", "src\vdbfusion\vdbfusion\vdbfusion.vcxproj", "{EB8E91E8-B048-30B5-8019-C9CDC02B6531}"
	ProjectSection(ProjectDependencies) = postProject
		{5B7166F8-F9F0-33D1-99F8-2ABD1A0D4604} = {5B7166F8-F9F0-33D1-99F8-2ABD1A0D4604}
		{7D865A23-F2B1-36E9-B42F-8202D6D23054} = {7D865A23-F2B1-36E9-B42F-8202D6D23054}
		{FCF5EF27-C39F-3E59-975F-050CADA0A3A6} = {FCF5EF27-C39F-3E59-975F-050CADA0A3A6}
		{4BA8E76E-40E4-3ADC-B3FC-2CEFE62F5CFB} = {4BA8E76E-40E4-3ADC-B3FC-2CEFE62F5CFB}
	EndProjectSection
EndProject
Project("{8BC9CEB8-8B4A-11D0-8D11-00A0C91BC942}") = "vdbfusion_pybind", "src\vdbfusion\pybind\vdbfusion_pybind.vcxproj", "{BA80449C-D643-3083-8CC3-5F74C6982FE1}"
	ProjectSection(ProjectDependencies) = postProject
		{5B7166F8-F9F0-33D1-99F8-2ABD1A0D4604} = {5B7166F8-F9F0-33D1-99F8-2ABD1A0D4604}
		{7D865A23-F2B1-36E9-B42F-8202D6D23054} = {7D865A23-F2B1-36E9-B42F-8202D6D23054}
		{FCF5EF27-C39F-3E59-975F-050CADA0A3A6} = {FCF5EF27-C39F-3E59-975F-050CADA0A3A6}
		{4BA8E76E-40E4-3ADC-B3FC-2CEFE62F5CFB} = {4BA8E76E-40E4-3ADC-B3FC-2CEFE62F5CFB}
		{EB8E91E8-B048-30B5-8019-C9CDC02B6531} = {EB8E91E8-B048-30B5-8019-C9CDC02B6531}
	EndProjectSection
EndProject
Global
	GlobalSection(SolutionConfigurationPlatforms) = preSolution
		Debug|x64 = Debug|x64
		Release|x64 = Release|x64
		MinSizeRel|x64 = MinSizeRel|x64
		RelWithDebInfo|x64 = RelWithDebInfo|x64
	EndGlobalSection
	GlobalSection(ProjectConfigurationPlatforms) = postSolution
		{0EC2BF33-669E-3861-927B-EB71B7050D3A}.Debug|x64.ActiveCfg = Debug|x64
		{0EC2BF33-669E-3861-927B-EB71B7050D3A}.Release|x64.ActiveCfg = Release|x64
		{0EC2BF33-669E-3861-927B-EB71B7050D3A}.MinSizeRel|x64.ActiveCfg = MinSizeRel|x64
		{0EC2BF33-669E-3861-927B-EB71B7050D3A}.RelWithDebInfo|x64.ActiveCfg = RelWithDebInfo|x64
		{5B7166F8-F9F0-33D1-99F8-2ABD1A0D4604}.Debug|x64.ActiveCfg = Debug|x64
		{5B7166F8-F9F0-33D1-99F8-2ABD1A0D4604}.Debug|x64.Build.0 = Debug|x64
		{5B7166F8-F9F0-33D1-99F8-2ABD1A0D4604}.Release|x64.ActiveCfg = Release|x64
		{5B7166F8-F9F0-33D1-99F8-2ABD1A0D4604}.Release|x64.Build.0 = Release|x64
		{5B7166F8-F9F0-33D1-99F8-2ABD1A0D4604}.MinSizeRel|x64.ActiveCfg = MinSizeRel|x64
		{5B7166F8-F9F0-33D1-99F8-2ABD1A0D4604}.MinSizeRel|x64.Build.0 = MinSizeRel|x64
		{5B7166F8-F9F0-33D1-99F8-2ABD1A0D4604}.RelWithDebInfo|x64.ActiveCfg = RelWithDebInfo|x64
		{5B7166F8-F9F0-33D1-99F8-2ABD1A0D4604}.RelWithDebInfo|x64.Build.0 = RelWithDebInfo|x64
		{7D865A23-F2B1-36E9-B42F-8202D6D23054}.Debug|x64.ActiveCfg = Debug|x64
		{7D865A23-F2B1-36E9-B42F-8202D6D23054}.Debug|x64.Build.0 = Debug|x64
		{7D865A23-F2B1-36E9-B42F-8202D6D23054}.Release|x64.ActiveCfg = Release|x64
		{7D865A23-F2B1-36E9-B42F-8202D6D23054}.Release|x64.Build.0 = Release|x64
		{7D865A23-F2B1-36E9-B42F-8202D6D23054}.MinSizeRel|x64.ActiveCfg = MinSizeRel|x64
		{7D865A23-F2B1-36E9-B42F-8202D6D23054}.MinSizeRel|x64.Build.0 = MinSizeRel|x64
		{7D865A23-F2B1-36E9-B42F-8202D6D23054}.RelWithDebInfo|x64.ActiveCfg = RelWithDebInfo|x64
		{7D865A23-F2B1-36E9-B42F-8202D6D23054}.RelWithDebInfo|x64.Build.0 = RelWithDebInfo|x64
		{73F1B70D-E7E0-386E-87DD-BE7FEE040726}.Debug|x64.ActiveCfg = Debug|x64
		{73F1B70D-E7E0-386E-87DD-BE7FEE040726}.Debug|x64.Build.0 = Debug|x64
		{73F1B70D-E7E0-386E-87DD-BE7FEE040726}.Release|x64.ActiveCfg = Release|x64
		{73F1B70D-E7E0-386E-87DD-BE7FEE040726}.Release|x64.Build.0 = Release|x64
		{73F1B70D-E7E0-386E-87DD-BE7FEE040726}.MinSizeRel|x64.ActiveCfg = MinSizeRel|x64
		{73F1B70D-E7E0-386E-87DD-BE7FEE040726}.MinSizeRel|x64.Build.0 = MinSizeRel|x64
		{73F1B70D-E7E0-386E-87DD-BE7FEE040726}.RelWithDebInfo|x64.ActiveCfg = RelWithDebInfo|x64
		{73F1B70D-E7E0-386E-87DD-BE7FEE040726}.RelWithDebInfo|x64.Build.0 = RelWithDebInfo|x64
		{FCF5EF27-C39F-3E59-975F-050CADA0A3A6}.Debug|x64.ActiveCfg = Debug|x64
		{FCF5EF27-C39F-3E59-975F-050CADA0A3A6}.Debug|x64.Build.0 = Debug|x64
		{FCF5EF27-C39F-3E59-975F-050CADA0A3A6}.Release|x64.ActiveCfg = Release|x64
		{FCF5EF27-C39F-3E59-975F-050CADA0A3A6}.Release|x64.Build.0 = Release|x64
		{FCF5EF27-C39F-3E59-975F-050CADA0A3A6}.MinSizeRel|x64.ActiveCfg = MinSizeRel|x64
		{FCF5EF27-C39F-3E59-975F-050CADA0A3A6}.MinSizeRel|x64.Build.0 = MinSizeRel|x64
		{FCF5EF27-C39F-3E59-975F-050CADA0A3A6}.RelWithDebInfo|x64.ActiveCfg = RelWithDebInfo|x64
		{FCF5EF27-C39F-3E59-975F-050CADA0A3A6}.RelWithDebInfo|x64.Build.0 = RelWithDebInfo|x64
		{4BA8E76E-40E4-3ADC-B3FC-2CEFE62F5CFB}.Debug|x64.ActiveCfg = Debug|x64
		{4BA8E76E-40E4-3ADC-B3FC-2CEFE62F5CFB}.Debug|x64.Build.0 = Debug|x64
		{4BA8E76E-40E4-3ADC-B3FC-2CEFE62F5CFB}.Release|x64.ActiveCfg = Release|x64
		{4BA8E76E-40E4-3ADC-B3FC-2CEFE62F5CFB}.Release|x64.Build.0 = Release|x64
		{4BA8E76E-40E4-3ADC-B3FC-2CEFE62F5CFB}.MinSizeRel|x64.ActiveCfg = MinSizeRel|x64
		{4BA8E76E-40E4-3ADC-B3FC-2CEFE62F5CFB}.MinSizeRel|x64.Build.0 = MinSizeRel|x64
		{4BA8E76E-40E4-3ADC-B3FC-2CEFE62F5CFB}.RelWithDebInfo|x64.ActiveCfg = RelWithDebInfo|x64
		{4BA8E76E-40E4-3ADC-B3FC-2CEFE62F5CFB}.RelWithDebInfo|x64.Build.0 = RelWithDebInfo|x64
		{EB8E91E8-B048-30B5-8019-C9CDC02B6531}.Debug|x64.ActiveCfg = Debug|x64
		{EB8E91E8-B048-30B5-8019-C9CDC02B6531}.Debug|x64.Build.0 = Debug|x64
		{EB8E91E8-B048-30B5-8019-C9CDC02B6531}.Release|x64.ActiveCfg = Release|x64
		{EB8E91E8-B048-30B5-8019-C9CDC02B6531}.Release|x64.Build.0 = Release|x64
		{EB8E91E8-B048-30B5-8019-C9CDC02B6531}.MinSizeRel|x64.ActiveCfg = MinSizeRel|x64
		{EB8E91E8-B048-30B5-8019-C9CDC02B6531}.MinSizeRel|x64.Build.0 = MinSizeRel|x64
		{EB8E91E8-B048-30B5-8019-C9CDC02B6531}.RelWithDebInfo|x64.ActiveCfg = RelWithDebInfo|x64
		{EB8E91E8-B048-30B5-8019-C9CDC02B6531}.RelWithDebInfo|x64.Build.0 = RelWithDebInfo|x64
		{BA80449C-D643-3083-8CC3-5F74C6982FE1}.Debug|x64.ActiveCfg = Debug|x64
		{BA80449C-D643-3083-8CC3-5F74C6982FE1}.Debug|x64.Build.0 = Debug|x64
		{BA80449C-D643-3083-8CC3-5F74C6982FE1}.Release|x64.ActiveCfg = Release|x64
		{BA80449C-D643-3083-8CC3-5F74C6982FE1}.Release|x64.Build.0 = Release|x64
		{BA80449C-D643-3083-8CC3-5F74C6982FE1}.MinSizeRel|x64.ActiveCfg = MinSizeRel|x64
		{BA80449C-D643-3083-8CC3-5F74C6982FE1}.MinSizeRel|x64.Build.0 = MinSizeRel|x64
		{BA80449C-D643-3083-8CC3-5F74C6982FE1}.RelWithDebInfo|x64.ActiveCfg = RelWithDebInfo|x64
		{BA80449C-D643-3083-8CC3-5F74C6982FE1}.RelWithDebInfo|x64.Build.0 = RelWithDebInfo|x64
	EndGlobalSection
	GlobalSection(ExtensibilityGlobals) = postSolution
		SolutionGuid = {8C3B306F-B357-3D6D-8D08-69AE1EBD54F9}
	EndGlobalSection
	GlobalSection(ExtensibilityAddIns) = postSolution
	EndGlobalSection
EndGlobal
